// !$*UTF8*$!
{
	archiveVersion = 1;
	classes = {
	};
	objectVersion = 48;
	objects = {

/* Begin PBXBuildFile section */
		303FB48A1EF2CB6B007FF626 /* AppDelegate.swift in Sources */ = {isa = PBXBuildFile; fileRef = 303FB4891EF2CB6B007FF626 /* AppDelegate.swift */; };
		303FB48C1EF2CB6B007FF626 /* ViewController.swift in Sources */ = {isa = PBXBuildFile; fileRef = 303FB48B1EF2CB6B007FF626 /* ViewController.swift */; };
		303FB4911EF2CB6B007FF626 /* Assets.xcassets in Resources */ = {isa = PBXBuildFile; fileRef = 303FB4901EF2CB6B007FF626 /* Assets.xcassets */; };
		303FB4941EF2CB6B007FF626 /* LaunchScreen.storyboard in Resources */ = {isa = PBXBuildFile; fileRef = 303FB4921EF2CB6B007FF626 /* LaunchScreen.storyboard */; };
		303FB49C1EF2CE1A007FF626 /* UIVIew+extension.swift in Sources */ = {isa = PBXBuildFile; fileRef = 303FB49B1EF2CE1A007FF626 /* UIVIew+extension.swift */; };
		3058E4051EF2E8340016CAAA /* VC+setup.swift in Sources */ = {isa = PBXBuildFile; fileRef = 3058E4041EF2E8330016CAAA /* VC+setup.swift */; };
		3058E4071EF2E9680016CAAA /* VC+panGesture.swift in Sources */ = {isa = PBXBuildFile; fileRef = 3058E4061EF2E9680016CAAA /* VC+panGesture.swift */; };
		30CDB4511EF2F6E700AB557E /* Girl.swift in Sources */ = {isa = PBXBuildFile; fileRef = 30CDB4501EF2F6E700AB557E /* Girl.swift */; };
/* End PBXBuildFile section */

/* Begin PBXFileReference section */
		303FB4861EF2CB6B007FF626 /* TranslucentTinderSwipe.app */ = {isa = PBXFileReference; explicitFileType = wrapper.application; includeInIndex = 0; path = TranslucentTinderSwipe.app; sourceTree = BUILT_PRODUCTS_DIR; };
		303FB4891EF2CB6B007FF626 /* AppDelegate.swift */ = {isa = PBXFileReference; lastKnownFileType = sourcecode.swift; path = AppDelegate.swift; sourceTree = "<group>"; };
		303FB48B1EF2CB6B007FF626 /* ViewController.swift */ = {isa = PBXFileReference; lastKnownFileType = sourcecode.swift; path = ViewController.swift; sourceTree = "<group>"; };
		303FB4901EF2CB6B007FF626 /* Assets.xcassets */ = {isa = PBXFileReference; lastKnownFileType = folder.assetcatalog; path = Assets.xcassets; sourceTree = "<group>"; };
		303FB4931EF2CB6B007FF626 /* Base */ = {isa = PBXFileReference; lastKnownFileType = file.storyboard; name = Base; path = Base.lproj/LaunchScreen.storyboard; sourceTree = "<group>"; };
		303FB4951EF2CB6B007FF626 /* Info.plist */ = {isa = PBXFileReference; lastKnownFileType = text.plist.xml; path = Info.plist; sourceTree = "<group>"; };
		303FB49B1EF2CE1A007FF626 /* UIVIew+extension.swift */ = {isa = PBXFileReference; lastKnownFileType = sourcecode.swift; path = "UIVIew+extension.swift"; sourceTree = "<group>"; };
		3058E4041EF2E8330016CAAA /* VC+setup.swift */ = {isa = PBXFileReference; lastKnownFileType = sourcecode.swift; path = "VC+setup.swift"; sourceTree = "<group>"; };
		3058E4061EF2E9680016CAAA /* VC+panGesture.swift */ = {isa = PBXFileReference; lastKnownFileType = sourcecode.swift; path = "VC+panGesture.swift"; sourceTree = "<group>"; };
		30CDB4501EF2F6E700AB557E /* Girl.swift */ = {isa = PBXFileReference; lastKnownFileType = sourcecode.swift; path = Girl.swift; sourceTree = "<group>"; };
/* End PBXFileReference section */

/* Begin PBXFrameworksBuildPhase section */
		303FB4831EF2CB6B007FF626 /* Frameworks */ = {
			isa = PBXFrameworksBuildPhase;
			buildActionMask = 2147483647;
			files = (
			);
			runOnlyForDeploymentPostprocessing = 0;
		};
/* End PBXFrameworksBuildPhase section */

/* Begin PBXGroup section */
		303FB47D1EF2CB6B007FF626 = {
			isa = PBXGroup;
			children = (
				303FB4881EF2CB6B007FF626 /* TranslucentTinderSwipe */,
				303FB4871EF2CB6B007FF626 /* Products */,
			);
			sourceTree = "<group>";
		};
		303FB4871EF2CB6B007FF626 /* Products */ = {
			isa = PBXGroup;
			children = (
				303FB4861EF2CB6B007FF626 /* TranslucentTinderSwipe.app */,
			);
			name = Products;
			sourceTree = "<group>";
		};
		303FB4881EF2CB6B007FF626 /* TranslucentTinderSwipe */ = {
			isa = PBXGroup;
			children = (
				303FB4891EF2CB6B007FF626 /* AppDelegate.swift */,
				303FB49B1EF2CE1A007FF626 /* UIVIew+extension.swift */,
				30CDB4501EF2F6E700AB557E /* Girl.swift */,
				3058E4031EF2E80D0016CAAA /* ViewController */,
				303FB4901EF2CB6B007FF626 /* Assets.xcassets */,
				303FB4921EF2CB6B007FF626 /* LaunchScreen.storyboard */,
				303FB4951EF2CB6B007FF626 /* Info.plist */,
			);
			path = TranslucentTinderSwipe;
			sourceTree = "<group>";
		};
		3058E4031EF2E80D0016CAAA /* ViewController */ = {
			isa = PBXGroup;
			children = (
				303FB48B1EF2CB6B007FF626 /* ViewController.swift */,
				3058E4041EF2E8330016CAAA /* VC+setup.swift */,
				3058E4061EF2E9680016CAAA /* VC+panGesture.swift */,
			);
			name = ViewController;
			sourceTree = "<group>";
		};
/* End PBXGroup section */

/* Begin PBXNativeTarget section */
		303FB4851EF2CB6B007FF626 /* TranslucentTinderSwipe */ = {
			isa = PBXNativeTarget;
			buildConfigurationList = 303FB4981EF2CB6B007FF626 /* Build configuration list for PBXNativeTarget "TranslucentTinderSwipe" */;
			buildPhases = (
				303FB4821EF2CB6B007FF626 /* Sources */,
				303FB4831EF2CB6B007FF626 /* Frameworks */,
				303FB4841EF2CB6B007FF626 /* Resources */,
			);
			buildRules = (
			);
			dependencies = (
			);
			name = TranslucentTinderSwipe;
			productName = TranslucentTinderSwipe;
			productReference = 303FB4861EF2CB6B007FF626 /* TranslucentTinderSwipe.app */;
			productType = "com.apple.product-type.application";
		};
/* End PBXNativeTarget section */

/* Begin PBXProject section */
		303FB47E1EF2CB6B007FF626 /* Project object */ = {
			isa = PBXProject;
			attributes = {
				LastSwiftUpdateCheck = 0900;
				LastUpgradeCheck = 0900;
				ORGANIZATIONNAME = HarryCodes;
				TargetAttributes = {
					303FB4851EF2CB6B007FF626 = {
						CreatedOnToolsVersion = 9.0;
					};
				};
			};
			buildConfigurationList = 303FB4811EF2CB6B007FF626 /* Build configuration list for PBXProject "TranslucentTinderSwipe" */;
			compatibilityVersion = "Xcode 8.0";
			developmentRegion = en;
			hasScannedForEncodings = 0;
			knownRegions = (
				en,
				Base,
			);
			mainGroup = 303FB47D1EF2CB6B007FF626;
			productRefGroup = 303FB4871EF2CB6B007FF626 /* Products */;
			projectDirPath = "";
			projectRoot = "";
			targets = (
				303FB4851EF2CB6B007FF626 /* TranslucentTinderSwipe */,
			);
		};
/* End PBXProject section */

/* Begin PBXResourcesBuildPhase section */
		303FB4841EF2CB6B007FF626 /* Resources */ = {
			isa = PBXResourcesBuildPhase;
			buildActionMask = 2147483647;
			files = (
				303FB4941EF2CB6B007FF626 /* LaunchScreen.storyboard in Resources */,
				303FB4911EF2CB6B007FF626 /* Assets.xcassets in Resources */,
			);
			runOnlyForDeploymentPostprocessing = 0;
		};
/* End PBXResourcesBuildPhase section */

/* Begin PBXSourcesBuildPhase section */
		303FB4821EF2CB6B007FF626 /* Sources */ = {
			isa = PBXSourcesBuildPhase;
			buildActionMask = 2147483647;
			files = (
				303FB48C1EF2CB6B007FF626 /* ViewController.swift in Sources */,
				3058E4071EF2E9680016CAAA /* VC+panGesture.swift in Sources */,
				303FB48A1EF2CB6B007FF626 /* AppDelegate.swift in Sources */,
				3058E4051EF2E8340016CAAA /* VC+setup.swift in Sources */,
				303FB49C1EF2CE1A007FF626 /* UIVIew+extension.swift in Sources */,
				30CDB4511EF2F6E700AB557E /* Girl.swift in Sources */,
			);
			runOnlyForDeploymentPostprocessing = 0;
		};
/* End PBXSourcesBuildPhase section */

/* Begin PBXVariantGroup section */
		303FB4921EF2CB6B007FF626 /* LaunchScreen.storyboard */ = {
			isa = PBXVariantGroup;
			children = (
				303FB4931EF2CB6B007FF626 /* Base */,
			);
			name = LaunchScreen.storyboard;
			sourceTree = "<group>";
		};
/* End PBXVariantGroup section */

/* Begin XCBuildConfiguration section */
		303FB4961EF2CB6B007FF626 /* Debug */ = {
			isa = XCBuildConfiguration;
			buildSettings = {
				ALWAYS_SEARCH_USER_PATHS = NO;
				CLANG_ANALYZER_NONNULL = YES;
				CLANG_ANALYZER_NUMBER_OBJECT_CONVERSION = YES_AGGRESSIVE;
				CLANG_CXX_LANGUAGE_STANDARD = "gnu++14";
				CLANG_CXX_LIBRARY = "libc++";
				CLANG_ENABLE_MODULES = YES;
				CLANG_ENABLE_OBJC_ARC = YES;
				CLANG_WARN_BLOCK_CAPTURE_AUTORELEASING = YES;
				CLANG_WARN_BOOL_CONVERSION = YES;
				CLANG_WARN_COMMA = YES;
				CLANG_WARN_CONSTANT_CONVERSION = YES;
				CLANG_WARN_DIRECT_OBJC_ISA_USAGE = YES_ERROR;
				CLANG_WARN_DOCUMENTATION_COMMENTS = YES;
				CLANG_WARN_EMPTY_BODY = YES;
				CLANG_WARN_ENUM_CONVERSION = YES;
				CLANG_WARN_INFINITE_RECURSION = YES;
				CLANG_WARN_INT_CONVERSION = YES;
				CLANG_WARN_OBJC_ROOT_CLASS = YES_ERROR;
				CLANG_WARN_RANGE_LOOP_ANALYSIS = YES;
				CLANG_WARN_STRICT_PROTOTYPES = YES;
				CLANG_WARN_SUSPICIOUS_MOVE = YES;
				CLANG_WARN_UNGUARDED_AVAILABILITY = YES_AGGRESSIVE;
				CLANG_WARN_UNREACHABLE_CODE = YES;
				CLANG_WARN__DUPLICATE_METHOD_MATCH = YES;
				CODE_SIGN_IDENTITY = "iPhone Developer";
				COPY_PHASE_STRIP = NO;
				DEBUG_INFORMATION_FORMAT = dwarf;
				ENABLE_STRICT_OBJC_MSGSEND = YES;
				ENABLE_TESTABILITY = YES;
				GCC_C_LANGUAGE_STANDARD = gnu11;
				GCC_DYNAMIC_NO_PIC = NO;
				GCC_NO_COMMON_BLOCKS = YES;
				GCC_OPTIMIZATION_LEVEL = 0;
				GCC_PREPROCESSOR_DEFINITIONS = (
					"DEBUG=1",
					"$(inherited)",
				);
				GCC_WARN_64_TO_32_BIT_CONVERSION = YES;
				GCC_WARN_ABOUT_RETURN_TYPE = YES_ERROR;
				GCC_WARN_UNDECLARED_SELECTOR = YES;
				GCC_WARN_UNINITIALIZED_AUTOS = YES_AGGRESSIVE;
				GCC_WARN_UNUSED_FUNCTION = YES;
				GCC_WARN_UNUSED_VARIABLE = YES;
				IPHONEOS_DEPLOYMENT_TARGET = 11.0;
				MTL_ENABLE_DEBUG_INFO = YES;
				ONLY_ACTIVE_ARCH = YES;
				SDKROOT = iphoneos;
				SWIFT_ACTIVE_COMPILATION_CONDITIONS = DEBUG;
				SWIFT_OPTIMIZATION_LEVEL = "-Onone";
			};
			name = Debug;
		};
		303FB4971EF2CB6B007FF626 /* Release */ = {
			isa = XCBuildConfiguration;
			buildSettings = {
				ALWAYS_SEARCH_USER_PATHS = NO;
				CLANG_ANALYZER_NONNULL = YES;
				CLANG_ANALYZER_NUMBER_OBJECT_CONVERSION = YES_AGGRESSIVE;
				CLANG_CXX_LANGUAGE_STANDARD = "gnu++14";
				CLANG_CXX_LIBRARY = "libc++";
				CLANG_ENABLE_MODULES = YES;
				CLANG_ENABLE_OBJC_ARC = YES;
				CLANG_WARN_BLOCK_CAPTURE_AUTORELEASING = YES;
				CLANG_WARN_BOOL_CONVERSION = YES;
				CLANG_WARN_COMMA = YES;
				CLANG_WARN_CONSTANT_CONVERSION = YES;
				CLANG_WARN_DIRECT_OBJC_ISA_USAGE = YES_ERROR;
				CLANG_WARN_DOCUMENTATION_COMMENTS = YES;
				CLANG_WARN_EMPTY_BODY = YES;
				CLANG_WARN_ENUM_CONVERSION = YES;
				CLANG_WARN_INFINITE_RECURSION = YES;
				CLANG_WARN_INT_CONVERSION = YES;
				CLANG_WARN_OBJC_ROOT_CLASS = YES_ERROR;
				CLANG_WARN_RANGE_LOOP_ANALYSIS = YES;
				CLANG_WARN_STRICT_PROTOTYPES = YES;
				CLANG_WARN_SUSPICIOUS_MOVE = YES;
				CLANG_WARN_UNGUARDED_AVAILABILITY = YES_AGGRESSIVE;
				CLANG_WARN_UNREACHABLE_CODE = YES;
				CLANG_WARN__DUPLICATE_METHOD_MATCH = YES;
				CODE_SIGN_IDENTITY = "iPhone Developer";
				COPY_PHASE_STRIP = NO;
				DEBUG_INFORMATION_FORMAT = "dwarf-with-dsym";
				ENABLE_NS_ASSERTIONS = NO;
				ENABLE_STRICT_OBJC_MSGSEND = YES;
				GCC_C_LANGUAGE_STANDARD = gnu11;
				GCC_NO_COMMON_BLOCKS = YES;
				GCC_WARN_64_TO_32_BIT_CONVERSION = YES;
				GCC_WARN_ABOUT_RETURN_TYPE = YES_ERROR;
				GCC_WARN_UNDECLARED_SELECTOR = YES;
				GCC_WARN_UNINITIALIZED_AUTOS = YES_AGGRESSIVE;
				GCC_WARN_UNUSED_FUNCTION = YES;
				GCC_WARN_UNUSED_VARIABLE = YES;
				IPHONEOS_DEPLOYMENT_TARGET = 11.0;
				MTL_ENABLE_DEBUG_INFO = NO;
				SDKROOT = iphoneos;
				SWIFT_OPTIMIZATION_LEVEL = "-Owholemodule";
				VALIDATE_PRODUCT = YES;
			};
			name = Release;
		};
		303FB4991EF2CB6B007FF626 /* Debug */ = {
			isa = XCBuildConfiguration;
			buildSettings = {
				ASSETCATALOG_COMPILER_APPICON_NAME = AppIcon;
				DEVELOPMENT_TEAM = 2MRG3U4CR7;
				INFOPLIST_FILE = TranslucentTinderSwipe/Info.plist;
				LD_RUNPATH_SEARCH_PATHS = "$(inherited) @executable_path/Frameworks";
				PRODUCT_BUNDLE_IDENTIFIER = HarryCodes.TranslucentTinderSwipe;
				PRODUCT_NAME = "$(TARGET_NAME)";
				SWIFT_VERSION = 4.0;
				TARGETED_DEVICE_FAMILY = 1;
			};
			name = Debug;
		};
		303FB49A1EF2CB6B007FF626 /* Release */ = {
			isa = XCBuildConfiguration;
			buildSettings = {
				ASSETCATALOG_COMPILER_APPICON_NAME = AppIcon;
				DEVELOPMENT_TEAM = 2MRG3U4CR7;
				INFOPLIST_FILE = TranslucentTinderSwipe/Info.plist;
				LD_RUNPATH_SEARCH_PATHS = "$(inherited) @executable_path/Frameworks";
				PRODUCT_BUNDLE_IDENTIFIER = HarryCodes.TranslucentTinderSwipe;
				PRODUCT_NAME = "$(TARGET_NAME)";
				SWIFT_VERSION = 4.0;
				TARGETED_DEVICE_FAMILY = 1;
			};
			name = Release;
		};
/* End XCBuildConfiguration section */

/* Begin XCConfigurationList section */
		303FB4811EF2CB6B007FF626 /* Build configuration list for PBXProject "TranslucentTinderSwipe" */ = {
			isa = XCConfigurationList;
			buildConfigurations = (
				303FB4961EF2CB6B007FF626 /* Debug */,
				303FB4971EF2CB6B007FF626 /* Release */,
			);
			defaultConfigurationIsVisible = 0;
			defaultConfigurationName = Release;
		};
		303FB4981EF2CB6B007FF626 /* Build configuration list for PBXNativeTarget "TranslucentTinderSwipe" */ = {
			isa = XCConfigurationList;
			buildConfigurations = (
				303FB4991EF2CB6B007FF626 /* Debug */,
				303FB49A1EF2CB6B007FF626 /* Release */,
			);
			defaultConfigurationIsVisible = 0;
			defaultConfigurationName = Release;
		};
/* End XCConfigurationList section */
	};
	rootObject = 303FB47E1EF2CB6B007FF626 /* Project object */;
}
